
Microsoft Visual Studio Solution File, Format Version 12.00
# Visual Studio Version 17
VisualStudioVersion = 17.14.36518.9 d17.14
MinimumVisualStudioVersion = 10.0.40219.1
Project("{888888A0-9F3D-457C-B088-3A5042F75D52}") = "quadrature_amplitude_modulation", "quadrature_amplitude_modulation.pyproj", "{EF04BC0D-0339-41DF-BC98-4F0B74931CAB}"
EndProject
Global
	GlobalSection(SolutionConfigurationPlatforms) = preSolution
		Debug|Any CPU = Debug|Any CPU
		Release|Any CPU = Release|Any CPU
	EndGlobalSection
	GlobalSection(ProjectConfigurationPlatforms) = postSolution
		{EF04BC0D-0339-41DF-BC98-4F0B74931CAB}.Debug|Any CPU.ActiveCfg = Debug|Any CPU
		{EF04BC0D-0339-41DF-BC98-4F0B74931CAB}.Release|Any CPU.ActiveCfg = Release|Any CPU
	EndGlobalSection
	GlobalSection(SolutionProperties) = preSolution
		HideSolutionNode = FALSE
	EndGlobalSection
	GlobalSection(ExtensibilityGlobals) = postSolution
		SolutionGuid = {F3F0F012-A2A7-45ED-9FB6-F7A11DC284B2}
	EndGlobalSection
EndGlobal
